// !$*UTF8*$!
{
	archiveVersion = 1;
	classes = {
	};
	objectVersion = 50;
	objects = {

/* Begin PBXBuildFile section */
		4BD565A724E8665000D52809 /* CoreFoundation.framework in Frameworks */ = {isa = PBXBuildFile; fileRef = 4BD565A624E8665000D52809 /* CoreFoundation.framework */; };
		4BFB6C4524E853E800B105BA /* main.c in Sources */ = {isa = PBXBuildFile; fileRef = 4BFB6C3E24E853E800B105BA /* main.c */; };
		4BFB6C4624E853E800B105BA /* server_ui_bridge.c in Sources */ = {isa = PBXBuildFile; fileRef = 4BFB6C4224E853E800B105BA /* server_ui_bridge.c */; };
		4BFB6C4724E853E800B105BA /* server.c in Sources */ = {isa = PBXBuildFile; fileRef = 4BFB6C4424E853E800B105BA /* server.c */; };
/* End PBXBuildFile section */

/* Begin PBXCopyFilesBuildPhase section */
		4BFB6C2624E852BC00B105BA /* CopyFiles */ = {
			isa = PBXCopyFilesBuildPhase;
			buildActionMask = 2147483647;
			dstPath = /usr/share/man/man1/;
			dstSubfolderSpec = 0;
			files = (
			);
			runOnlyForDeploymentPostprocessing = 1;
		};
/* End PBXCopyFilesBuildPhase section */

/* Begin PBXFileReference section */
		4BD565A424E865C800D52809 /* ui_events.generated.h */ = {isa = PBXFileReference; lastKnownFileType = sourcecode.c.h; name = ui_events.generated.h; path = build/src/nvim/auto/ui_events.generated.h; sourceTree = SOURCE_ROOT; };
		4BD565A624E8665000D52809 /* CoreFoundation.framework */ = {isa = PBXFileReference; lastKnownFileType = wrapper.framework; name = CoreFoundation.framework; path = System/Library/Frameworks/CoreFoundation.framework; sourceTree = SDKROOT; };
		4BD67C7124EC311A00147C51 /* NvimServerTypes.h */ = {isa = PBXFileReference; lastKnownFileType = sourcecode.c.h; name = NvimServerTypes.h; path = NvimServerTypes/Sources/NvimServerTypes/include/NvimServerTypes.h; sourceTree = SOURCE_ROOT; };
		4BFB6C2824E852BC00B105BA /* NvimServer */ = {isa = PBXFileReference; explicitFileType = "compiled.mach-o.executable"; includeInIndex = 0; path = NvimServer; sourceTree = BUILT_PRODUCTS_DIR; };
		4BFB6C3D24E853E800B105BA /* server_log.h */ = {isa = PBXFileReference; fileEncoding = 4; lastKnownFileType = sourcecode.c.h; name = server_log.h; path = Sources/server_log.h; sourceTree = "<group>"; };
		4BFB6C3E24E853E800B105BA /* main.c */ = {isa = PBXFileReference; fileEncoding = 4; lastKnownFileType = sourcecode.c.c; name = main.c; path = Sources/main.c; sourceTree = "<group>"; };
		4BFB6C4024E853E800B105BA /* server_ui_bridge.h */ = {isa = PBXFileReference; fileEncoding = 4; lastKnownFileType = sourcecode.c.h; name = server_ui_bridge.h; path = Sources/server_ui_bridge.h; sourceTree = "<group>"; };
		4BFB6C4124E853E800B105BA /* server.h */ = {isa = PBXFileReference; fileEncoding = 4; lastKnownFileType = sourcecode.c.h; name = server.h; path = Sources/server.h; sourceTree = "<group>"; };
		4BFB6C4224E853E800B105BA /* server_ui_bridge.c */ = {isa = PBXFileReference; fileEncoding = 4; lastKnownFileType = sourcecode.c.c; name = server_ui_bridge.c; path = Sources/server_ui_bridge.c; sourceTree = "<group>"; };
		4BFB6C4424E853E800B105BA /* server.c */ = {isa = PBXFileReference; fileEncoding = 4; lastKnownFileType = sourcecode.c.c; name = server.c; path = Sources/server.c; sourceTree = "<group>"; };
		4BFB6C4824E8573E00B105BA /* include */ = {isa = PBXFileReference; lastKnownFileType = text; name = include; path = build/include; sourceTree = SOURCE_ROOT; };
		4BFB6C4924E8575400B105BA /* nvim */ = {isa = PBXFileReference; lastKnownFileType = text; name = nvim; path = build/src/nvim; sourceTree = SOURCE_ROOT; };
/* End PBXFileReference section */

/* Begin PBXFrameworksBuildPhase section */
		4BFB6C2524E852BC00B105BA /* Frameworks */ = {
			isa = PBXFrameworksBuildPhase;
			buildActionMask = 2147483647;
			files = (
				4BD565A724E8665000D52809 /* CoreFoundation.framework in Frameworks */,
			);
			runOnlyForDeploymentPostprocessing = 0;
		};
/* End PBXFrameworksBuildPhase section */

/* Begin PBXGroup section */
		4BD565A524E8665000D52809 /* Frameworks */ = {
			isa = PBXGroup;
			children = (
				4BD565A624E8665000D52809 /* CoreFoundation.framework */,
			);
			name = Frameworks;
			sourceTree = "<group>";
		};
		4BFB6C1F24E852BC00B105BA = {
			isa = PBXGroup;
			children = (
				4BFB6C2A24E852BC00B105BA /* NvimServer */,
				4BFB6C2924E852BC00B105BA /* Products */,
				4BD565A524E8665000D52809 /* Frameworks */,
			);
			sourceTree = "<group>";
		};
		4BFB6C2924E852BC00B105BA /* Products */ = {
			isa = PBXGroup;
			children = (
				4BFB6C2824E852BC00B105BA /* NvimServer */,
			);
			name = Products;
			sourceTree = "<group>";
		};
		4BFB6C2A24E852BC00B105BA /* NvimServer */ = {
			isa = PBXGroup;
			children = (
				4BD565A424E865C800D52809 /* ui_events.generated.h */,
				4BFB6C4824E8573E00B105BA /* include */,
				4BFB6C4924E8575400B105BA /* nvim */,
				4BD67C7124EC311A00147C51 /* NvimServerTypes.h */,
				4BFB6C3E24E853E800B105BA /* main.c */,
				4BFB6C3D24E853E800B105BA /* server_log.h */,
				4BFB6C4224E853E800B105BA /* server_ui_bridge.c */,
				4BFB6C4024E853E800B105BA /* server_ui_bridge.h */,
				4BFB6C4424E853E800B105BA /* server.c */,
				4BFB6C4124E853E800B105BA /* server.h */,
			);
			path = NvimServer;
			sourceTree = "<group>";
		};
/* End PBXGroup section */

/* Begin PBXNativeTarget section */
		4BFB6C2724E852BC00B105BA /* NvimServer */ = {
			isa = PBXNativeTarget;
			buildConfigurationList = 4BFB6C2F24E852BC00B105BA /* Build configuration list for PBXNativeTarget "NvimServer" */;
			buildPhases = (
				4BFB6C2424E852BC00B105BA /* Sources */,
				4BFB6C2524E852BC00B105BA /* Frameworks */,
				4BFB6C2624E852BC00B105BA /* CopyFiles */,
			);
			buildRules = (
			);
			dependencies = (
			);
			name = NvimServer;
			productName = NvimServer;
			productReference = 4BFB6C2824E852BC00B105BA /* NvimServer */;
			productType = "com.apple.product-type.tool";
		};
/* End PBXNativeTarget section */

/* Begin PBXProject section */
		4BFB6C2024E852BC00B105BA /* Project object */ = {
			isa = PBXProject;
			attributes = {
				LastUpgradeCheck = 1160;
				ORGANIZATIONNAME = "Tae Won Ha";
				TargetAttributes = {
					4BFB6C2724E852BC00B105BA = {
						CreatedOnToolsVersion = 11.6;
					};
				};
			};
			buildConfigurationList = 4BFB6C2324E852BC00B105BA /* Build configuration list for PBXProject "NvimServer" */;
			compatibilityVersion = "Xcode 9.3";
			developmentRegion = en;
			hasScannedForEncodings = 0;
			knownRegions = (
				en,
				Base,
			);
			mainGroup = 4BFB6C1F24E852BC00B105BA;
			productRefGroup = 4BFB6C2924E852BC00B105BA /* Products */;
			projectDirPath = "";
			projectRoot = "";
			targets = (
				4BFB6C2724E852BC00B105BA /* NvimServer */,
			);
		};
/* End PBXProject section */

/* Begin PBXSourcesBuildPhase section */
		4BFB6C2424E852BC00B105BA /* Sources */ = {
			isa = PBXSourcesBuildPhase;
			buildActionMask = 2147483647;
			files = (
				4BFB6C4524E853E800B105BA /* main.c in Sources */,
				4BFB6C4724E853E800B105BA /* server.c in Sources */,
				4BFB6C4624E853E800B105BA /* server_ui_bridge.c in Sources */,
			);
			runOnlyForDeploymentPostprocessing = 0;
		};
/* End PBXSourcesBuildPhase section */

/* Begin XCBuildConfiguration section */
		4BFB6C2D24E852BC00B105BA /* Debug */ = {
			isa = XCBuildConfiguration;
			buildSettings = {
				ALWAYS_SEARCH_USER_PATHS = NO;
				CLANG_ANALYZER_NONNULL = YES;
				CLANG_ANALYZER_NUMBER_OBJECT_CONVERSION = YES_AGGRESSIVE;
				CLANG_CXX_LANGUAGE_STANDARD = "gnu++14";
				CLANG_CXX_LIBRARY = "libc++";
				CLANG_ENABLE_MODULES = YES;
				CLANG_ENABLE_OBJC_ARC = YES;
				CLANG_ENABLE_OBJC_WEAK = YES;
				CLANG_WARN_BLOCK_CAPTURE_AUTORELEASING = YES;
				CLANG_WARN_BOOL_CONVERSION = YES;
				CLANG_WARN_COMMA = YES;
				CLANG_WARN_CONSTANT_CONVERSION = YES;
				CLANG_WARN_DEPRECATED_OBJC_IMPLEMENTATIONS = YES;
				CLANG_WARN_DIRECT_OBJC_ISA_USAGE = YES_ERROR;
				CLANG_WARN_DOCUMENTATION_COMMENTS = YES;
				CLANG_WARN_EMPTY_BODY = YES;
				CLANG_WARN_ENUM_CONVERSION = YES;
				CLANG_WARN_INFINITE_RECURSION = YES;
				CLANG_WARN_INT_CONVERSION = YES;
				CLANG_WARN_NON_LITERAL_NULL_CONVERSION = YES;
				CLANG_WARN_OBJC_IMPLICIT_RETAIN_SELF = YES;
				CLANG_WARN_OBJC_LITERAL_CONVERSION = YES;
				CLANG_WARN_OBJC_ROOT_CLASS = YES_ERROR;
				CLANG_WARN_RANGE_LOOP_ANALYSIS = YES;
				CLANG_WARN_STRICT_PROTOTYPES = YES;
				CLANG_WARN_SUSPICIOUS_MOVE = YES;
				CLANG_WARN_UNGUARDED_AVAILABILITY = YES_AGGRESSIVE;
				CLANG_WARN_UNREACHABLE_CODE = YES;
				CLANG_WARN__DUPLICATE_METHOD_MATCH = YES;
				CODE_SIGN_IDENTITY = "-";
				COPY_PHASE_STRIP = NO;
				DEBUG_INFORMATION_FORMAT = dwarf;
				ENABLE_STRICT_OBJC_MSGSEND = YES;
				ENABLE_TESTABILITY = YES;
				GCC_C_LANGUAGE_STANDARD = gnu11;
				GCC_DYNAMIC_NO_PIC = NO;
				GCC_NO_COMMON_BLOCKS = YES;
				GCC_OPTIMIZATION_LEVEL = 0;
				GCC_PREPROCESSOR_DEFINITIONS = (
					"DEBUG=1",
					"$(inherited)",
				);
				GCC_WARN_64_TO_32_BIT_CONVERSION = YES;
				GCC_WARN_ABOUT_RETURN_TYPE = YES_ERROR;
				GCC_WARN_UNDECLARED_SELECTOR = YES;
				GCC_WARN_UNINITIALIZED_AUTOS = YES_AGGRESSIVE;
				GCC_WARN_UNUSED_FUNCTION = YES;
				GCC_WARN_UNUSED_VARIABLE = YES;
				MACOSX_DEPLOYMENT_TARGET = 10.13;
				MTL_ENABLE_DEBUG_INFO = INCLUDE_SOURCE;
				MTL_FAST_MATH = YES;
				ONLY_ACTIVE_ARCH = YES;
			};
			name = Debug;
		};
		4BFB6C2E24E852BC00B105BA /* Release */ = {
			isa = XCBuildConfiguration;
			buildSettings = {
				ALWAYS_SEARCH_USER_PATHS = NO;
				CLANG_ANALYZER_NONNULL = YES;
				CLANG_ANALYZER_NUMBER_OBJECT_CONVERSION = YES_AGGRESSIVE;
				CLANG_CXX_LANGUAGE_STANDARD = "gnu++14";
				CLANG_CXX_LIBRARY = "libc++";
				CLANG_ENABLE_MODULES = YES;
				CLANG_ENABLE_OBJC_ARC = YES;
				CLANG_ENABLE_OBJC_WEAK = YES;
				CLANG_WARN_BLOCK_CAPTURE_AUTORELEASING = YES;
				CLANG_WARN_BOOL_CONVERSION = YES;
				CLANG_WARN_COMMA = YES;
				CLANG_WARN_CONSTANT_CONVERSION = YES;
				CLANG_WARN_DEPRECATED_OBJC_IMPLEMENTATIONS = YES;
				CLANG_WARN_DIRECT_OBJC_ISA_USAGE = YES_ERROR;
				CLANG_WARN_DOCUMENTATION_COMMENTS = YES;
				CLANG_WARN_EMPTY_BODY = YES;
				CLANG_WARN_ENUM_CONVERSION = YES;
				CLANG_WARN_INFINITE_RECURSION = YES;
				CLANG_WARN_INT_CONVERSION = YES;
				CLANG_WARN_NON_LITERAL_NULL_CONVERSION = YES;
				CLANG_WARN_OBJC_IMPLICIT_RETAIN_SELF = YES;
				CLANG_WARN_OBJC_LITERAL_CONVERSION = YES;
				CLANG_WARN_OBJC_ROOT_CLASS = YES_ERROR;
				CLANG_WARN_RANGE_LOOP_ANALYSIS = YES;
				CLANG_WARN_STRICT_PROTOTYPES = YES;
				CLANG_WARN_SUSPICIOUS_MOVE = YES;
				CLANG_WARN_UNGUARDED_AVAILABILITY = YES_AGGRESSIVE;
				CLANG_WARN_UNREACHABLE_CODE = YES;
				CLANG_WARN__DUPLICATE_METHOD_MATCH = YES;
				CODE_SIGN_IDENTITY = "-";
				COPY_PHASE_STRIP = NO;
				DEBUG_INFORMATION_FORMAT = "dwarf-with-dsym";
				ENABLE_NS_ASSERTIONS = NO;
				ENABLE_STRICT_OBJC_MSGSEND = YES;
				GCC_C_LANGUAGE_STANDARD = gnu11;
				GCC_NO_COMMON_BLOCKS = YES;
				GCC_WARN_64_TO_32_BIT_CONVERSION = YES;
				GCC_WARN_ABOUT_RETURN_TYPE = YES_ERROR;
				GCC_WARN_UNDECLARED_SELECTOR = YES;
				GCC_WARN_UNINITIALIZED_AUTOS = YES_AGGRESSIVE;
				GCC_WARN_UNUSED_FUNCTION = YES;
				GCC_WARN_UNUSED_VARIABLE = YES;
				MACOSX_DEPLOYMENT_TARGET = 10.13;
				MTL_ENABLE_DEBUG_INFO = NO;
				MTL_FAST_MATH = YES;
			};
			name = Release;
		};
		4BFB6C3024E852BC00B105BA /* Debug */ = {
			isa = XCBuildConfiguration;
			buildSettings = {
				CLANG_ENABLE_MODULES = NO;
				CLANG_LINK_OBJC_RUNTIME = NO;
				CLANG_MODULES_AUTOLINK = NO;
				GCC_PREPROCESSOR_DEFINITIONS = (
					"$(inherited)",
					"INCLUDE_GENERATED_DECLARATIONS=1",
				);
				HEADER_SEARCH_PATHS = (
					"$(PROJECT_DIR)/src",
					"$(PROJECT_DIR)/build/include",
					"$(PROJECT_DIR)/.deps/usr/include",
					"$(PROJECT_DIR)/build/config",
					"$(PROJECT_DIR)/NvimServer/third-party/include",
				);
				OTHER_LDFLAGS = (
					"$(PROJECT_DIR)/build/lib/libnvim.a",
					"$(PROJECT_DIR)/.deps/usr/lib/libmsgpackc.a",
					"$(PROJECT_DIR)/.deps/usr/lib/libluv.a",
					"$(PROJECT_DIR)/.deps/usr/lib/libuv.a",
					"$(PROJECT_DIR)/.deps/usr/lib/libvterm.a",
					"$(PROJECT_DIR)/.deps/usr/lib/libluajit-5.1.a",
					"$(PROJECT_DIR)/NvimServer/third-party/lib/libintl.a",
					"$(PROJECT_DIR)/.deps/usr/lib/libtree-sitter.a",
					"-lutil",
					"-lm",
					"-ldl",
					"-lpthread",
					"-liconv",
				);
				PRODUCT_NAME = "$(TARGET_NAME)";
			};
			name = Debug;
		};
		4BFB6C3124E852BC00B105BA /* Release */ = {
			isa = XCBuildConfiguration;
			buildSettings = {
				CLANG_ENABLE_MODULES = NO;
				CLANG_LINK_OBJC_RUNTIME = NO;
				CLANG_MODULES_AUTOLINK = NO;
				GCC_PREPROCESSOR_DEFINITIONS = "INCLUDE_GENERATED_DECLARATIONS=1";
				HEADER_SEARCH_PATHS = (
					"$(PROJECT_DIR)/src",
					"$(PROJECT_DIR)/build/include",
					"$(PROJECT_DIR)/.deps/usr/include",
					"$(PROJECT_DIR)/build/config",
					"$(PROJECT_DIR)/NvimServer/third-party/include",
				);
				OTHER_LDFLAGS = (
					"$(PROJECT_DIR)/build/lib/libnvim.a",
					"$(PROJECT_DIR)/.deps/usr/lib/libmsgpackc.a",
					"$(PROJECT_DIR)/.deps/usr/lib/libluv.a",
					"$(PROJECT_DIR)/.deps/usr/lib/libuv.a",
					"$(PROJECT_DIR)/.deps/usr/lib/libvterm.a",
					"$(PROJECT_DIR)/.deps/usr/lib/libluajit-5.1.a",
					"$(PROJECT_DIR)/NvimServer/third-party/lib/libintl.a",
					"$(PROJECT_DIR)/.deps/usr/lib/libtree-sitter.a",
					"-lutil",
					"-lm",
					"-ldl",
					"-lpthread",
					"-liconv",
				);
				PRODUCT_NAME = "$(TARGET_NAME)";
			};
			name = Release;
		};
/* End XCBuildConfiguration section */

/* Begin XCConfigurationList section */
		4BFB6C2324E852BC00B105BA /* Build configuration list for PBXProject "NvimServer" */ = {
			isa = XCConfigurationList;
			buildConfigurations = (
				4BFB6C2D24E852BC00B105BA /* Debug */,
				4BFB6C2E24E852BC00B105BA /* Release */,
			);
			defaultConfigurationIsVisible = 0;
			defaultConfigurationName = Release;
		};
		4BFB6C2F24E852BC00B105BA /* Build configuration list for PBXNativeTarget "NvimServer" */ = {
			isa = XCConfigurationList;
			buildConfigurations = (
				4BFB6C3024E852BC00B105BA /* Debug */,
				4BFB6C3124E852BC00B105BA /* Release */,
			);
			defaultConfigurationIsVisible = 0;
			defaultConfigurationName = Release;
		};
/* End XCConfigurationList section */
	};
	rootObject = 4BFB6C2024E852BC00B105BA /* Project object */;
}
